
Microsoft Visual Studio Solution File, Format Version 12.00
# Visual Studio Version 16
VisualStudioVersion = 16.0.30804.86
MinimumVisualStudioVersion = 10.0.40219.1
Project("{FAE04EC0-301F-11D3-BF4B-00C04F79EFBC}") = "CoLab", "CoLab.csproj", "{B28EDFFA-1DEF-4C96-A1E0-92FDEE950048}"
EndProject
Global
	GlobalSection(SolutionConfigurationPlatforms) = preSolution
		Debug|Any CPU = Debug|Any CPU
		Release|Any CPU = Release|Any CPU
	EndGlobalSection
	GlobalSection(ProjectConfigurationPlatforms) = postSolution
		{B28EDFFA-1DEF-4C96-A1E0-92FDEE950048}.Debug|Any CPU.ActiveCfg = Debug|Any CPU
		{B28EDFFA-1DEF-4C96-A1E0-92FDEE950048}.Debug|Any CPU.Build.0 = Debug|Any CPU
		{B28EDFFA-1DEF-4C96-A1E0-92FDEE950048}.Release|Any CPU.ActiveCfg = Release|Any CPU
		{B28EDFFA-1DEF-4C96-A1E0-92FDEE950048}.Release|Any CPU.Build.0 = Release|Any CPU
	EndGlobalSection
	GlobalSection(SolutionProperties) = preSolution
		HideSolutionNode = FALSE
	EndGlobalSection
	GlobalSection(ExtensibilityGlobals) = postSolution
		SolutionGuid = {8DA86B7E-4658-4C23-82DC-62441C5BDCE1}
	EndGlobalSection
EndGlobal
